
Microsoft Visual Studio Solution File, Format Version 12.00
# Visual Studio Version 17
VisualStudioVersion = 17.0.32112.339
MinimumVisualStudioVersion = 10.0.40219.1
Project("{2150E333-8FDC-42A3-9474-1A3956D46DE8}") = "ConnectionTools", "ConnectionTools", "{0A12B1B2-6614-4BD3-A5A3-419895E665A9}"
EndProject
Project("{9A19103F-16F7-4668-BE54-9A1E7A4F7556}") = "CToolsFabric", "..\ConnectionTools\CToolsFabric\CToolsFabric.csproj", "{41EDE4F9-1FD5-4F7D-A2E4-EFA4DFCE3255}"
EndProject
Project("{9A19103F-16F7-4668-BE54-9A1E7A4F7556}") = "FTPTools", "..\ConnectionTools\FTPTools\FTPTools.csproj", "{B722E919-819C-4D38-86D5-579942AC9222}"
EndProject
Project("{9A19103F-16F7-4668-BE54-9A1E7A4F7556}") = "SupportTools", "SupportTools\SupportTools.csproj", "{6AA76850-2FA8-45B8-8E2F-D372613ABAAC}"
EndProject
Project("{2150E333-8FDC-42A3-9474-1A3956D46DE8}") = "SystemTools", "SystemTools", "{FF3F9A8A-C4E2-4D88-A35F-874A6890A87D}"
EndProject
Project("{9A19103F-16F7-4668-BE54-9A1E7A4F7556}") = "SystemToolsShared", "..\SystemTools\SystemToolsShared\SystemToolsShared.csproj", "{28C4E0CB-7B7D-457C-8970-501CF54F57D5}"
EndProject
Project("{9A19103F-16F7-4668-BE54-9A1E7A4F7556}") = "LibAppProjectCreator", "LibAppProjectCreator\LibAppProjectCreator.csproj", "{15D5A3F9-BD90-48D1-BA0D-2132D8A269AD}"
EndProject
Project("{2150E333-8FDC-42A3-9474-1A3956D46DE8}") = "AppCliTools", "AppCliTools", "{BB551F29-CF57-432A-9659-41D41F333ACC}"
EndProject
Project("{9A19103F-16F7-4668-BE54-9A1E7A4F7556}") = "SupportToolsData", "SupportToolsData\SupportToolsData.csproj", "{97CEE994-3E48-4FD4-AC86-BCB5B8C39680}"
EndProject
Project("{9A19103F-16F7-4668-BE54-9A1E7A4F7556}") = "CliTools", "..\AppCliTools\CliTools\CliTools.csproj", "{D3170EA7-BA76-46B9-BB28-20A539E320E8}"
EndProject
Project("{9A19103F-16F7-4668-BE54-9A1E7A4F7556}") = "CliParametersEdit", "..\AppCliTools\CliParametersEdit\CliParametersEdit.csproj", "{AAC4C1E4-D516-41FA-B06C-622EA49F7270}"
EndProject
Project("{9A19103F-16F7-4668-BE54-9A1E7A4F7556}") = "CliParameters", "..\AppCliTools\CliParameters\CliParameters.csproj", "{EAA7D4B0-5845-4828-A15F-DA478820AA1A}"
EndProject
Project("{9A19103F-16F7-4668-BE54-9A1E7A4F7556}") = "CliParametersDataEdit", "..\AppCliTools\CliParametersDataEdit\CliParametersDataEdit.csproj", "{744ABCBD-C8F4-404A-A8BF-93C2A2FE4E86}"
EndProject
Project("{9A19103F-16F7-4668-BE54-9A1E7A4F7556}") = "LibAppInstallWork", "LibAppInstallWork\LibAppInstallWork.csproj", "{A4A4AF02-3DBC-4634-9889-1590EC8E297C}"
EndProject
Project("{9A19103F-16F7-4668-BE54-9A1E7A4F7556}") = "LibDatabaseWork", "LibDatabaseWork\LibDatabaseWork.csproj", "{DC6033DE-C1D1-4CD7-A0FD-4DAC8E2FD44F}"
EndProject
Project("{9A19103F-16F7-4668-BE54-9A1E7A4F7556}") = "CliParametersApiClientsEdit", "..\AppCliTools\CliParametersApiClientsEdit\CliParametersApiClientsEdit.csproj", "{C93B1907-682C-4D82-88EF-B8B441476216}"
EndProject
Project("{9A19103F-16F7-4668-BE54-9A1E7A4F7556}") = "CliParametersApiClientsDbEdit", "..\AppCliTools\CliParametersApiClientsDbEdit\CliParametersApiClientsDbEdit.csproj", "{BB73BDAF-A331-496E-A7D3-51BDCEBAD592}"
EndProject
Project("{9A19103F-16F7-4668-BE54-9A1E7A4F7556}") = "LibScaffoldSeeder", "LibScaffoldSeeder\LibScaffoldSeeder.csproj", "{2D25610A-0391-4A5B-A9B3-E3A3F4467203}"
EndProject
Project("{9A19103F-16F7-4668-BE54-9A1E7A4F7556}") = "DbContextAnalyzer", "..\AppCliTools\DbContextAnalyzer\DbContextAnalyzer.csproj", "{CD3FE6E2-B7C6-415B-8710-0C2F12096091}"
EndProject
Project("{9A19103F-16F7-4668-BE54-9A1E7A4F7556}") = "LibSeedCodeCreator", "..\AppCliTools\LibSeedCodeCreator\LibSeedCodeCreator.csproj", "{55478BF4-BFCE-48E6-9C06-5FC5F77DA116}"
EndProject
Project("{2150E333-8FDC-42A3-9474-1A3956D46DE8}") = "WebAgentContracts", "WebAgentContracts", "{DAF78034-D0C2-4E88-8EE3-F219EC254BEC}"
EndProject
Project("{9A19103F-16F7-4668-BE54-9A1E7A4F7556}") = "CliMenu", "..\AppCliTools\CliMenu\CliMenu.csproj", "{76AD3169-81DD-4693-9B0F-C882BCA7CDC6}"
EndProject
Project("{9A19103F-16F7-4668-BE54-9A1E7A4F7556}") = "CodeTools", "..\AppCliTools\CodeTools\CodeTools.csproj", "{1D14A9FC-90D4-4ED8-845B-7B7FBC072FB9}"
EndProject
Project("{9A19103F-16F7-4668-BE54-9A1E7A4F7556}") = "ConnectTools", "..\ConnectionTools\ConnectTools\ConnectTools.csproj", "{331E575F-7B02-4A90-87CA-2F7FFF67F194}"
EndProject
Project("{9A19103F-16F7-4668-BE54-9A1E7A4F7556}") = "SystemToolsShared.Tests", "..\SystemTools\SystemToolsShared.Tests\SystemToolsShared.Tests.csproj", "{033BBBAF-2B34-4C51-AFEC-8B52253F705E}"
EndProject
Project("{9A19103F-16F7-4668-BE54-9A1E7A4F7556}") = "LibMenuInput", "..\AppCliTools\LibMenuInput\LibMenuInput.csproj", "{5B730C1C-51BF-4737-8568-053833345A1B}"
EndProject
Project("{9A19103F-16F7-4668-BE54-9A1E7A4F7556}") = "LibDataInput", "..\AppCliTools\LibDataInput\LibDataInput.csproj", "{E4712E74-8E96-4D35-87E7-74A96FFE9243}"
EndProject
Project("{2150E333-8FDC-42A3-9474-1A3956D46DE8}") = "DatabaseTools", "DatabaseTools", "{1C3F06BB-4AAB-48FF-B758-3CF086E7A085}"
EndProject
Project("{9A19103F-16F7-4668-BE54-9A1E7A4F7556}") = "DbTools", "..\DatabaseTools\DbTools\DbTools.csproj", "{BF69B750-7577-43AD-AA70-6C7DA4BEF4F1}"
EndProject
Project("{9A19103F-16F7-4668-BE54-9A1E7A4F7556}") = "DbToolsFabric", "..\DatabaseTools\DbToolsFabric\DbToolsFabric.csproj", "{04200384-1287-413E-846A-012B348489DD}"
EndProject
Project("{9A19103F-16F7-4668-BE54-9A1E7A4F7556}") = "SqLiteDbTools", "..\DatabaseTools\SqLiteDbTools\SqLiteDbTools.csproj", "{09572553-3E7D-47CD-8B17-D34CCF6A662F}"
EndProject
Project("{9A19103F-16F7-4668-BE54-9A1E7A4F7556}") = "SqlServerDbTools", "..\DatabaseTools\SqlServerDbTools\SqlServerDbTools.csproj", "{464BBCF9-DC4F-4886-8D9E-43A18B039E9C}"
EndProject
Project("{2150E333-8FDC-42A3-9474-1A3956D46DE8}") = "ParametersManagement", "ParametersManagement", "{24D90B30-3266-4EC6-B324-1B7EA7B5CB0E}"
EndProject
Project("{2150E333-8FDC-42A3-9474-1A3956D46DE8}") = "ToolsManagement", "ToolsManagement", "{DC5F7FE1-A782-4C18-BA7C-0A208E964240}"
EndProject
Project("{9A19103F-16F7-4668-BE54-9A1E7A4F7556}") = "LibToolActions", "..\ToolsManagement\LibToolActions\LibToolActions.csproj", "{F5E3A487-3A49-45B4-90AC-8E1D1DCD70A8}"
EndProject
Project("{9A19103F-16F7-4668-BE54-9A1E7A4F7556}") = "LibParameters", "..\ParametersManagement\LibParameters\LibParameters.csproj", "{1D35357A-0C4A-4A2A-BAF0-35EBB78EEC97}"
EndProject
Project("{9A19103F-16F7-4668-BE54-9A1E7A4F7556}") = "Installer", "..\ToolsManagement\Installer\Installer.csproj", "{321CD750-1415-495E-8858-786A2606001C}"
EndProject
Project("{9A19103F-16F7-4668-BE54-9A1E7A4F7556}") = "FileManagersMain", "..\ToolsManagement\FileManagersMain\FileManagersMain.csproj", "{CCB7CB6E-56B6-4A47-9E28-009304B19862}"
EndProject
Project("{9A19103F-16F7-4668-BE54-9A1E7A4F7556}") = "LibFileParameters", "..\ParametersManagement\LibFileParameters\LibFileParameters.csproj", "{0EB323AC-42FC-48CE-88A8-B403C70F32EE}"
EndProject
Project("{9A19103F-16F7-4668-BE54-9A1E7A4F7556}") = "LibDatabaseParameters", "..\ParametersManagement\LibDatabaseParameters\LibDatabaseParameters.csproj", "{701BEF66-2703-47EE-8A05-4E2BAF3101C0}"
EndProject
Project("{9A19103F-16F7-4668-BE54-9A1E7A4F7556}") = "LibApiClientParameters", "..\ParametersManagement\LibApiClientParameters\LibApiClientParameters.csproj", "{D6FC8507-4A36-4D66-8502-65A81D93DF6E}"
EndProject
Project("{9A19103F-16F7-4668-BE54-9A1E7A4F7556}") = "CompressionManagement", "..\ToolsManagement\CompressionManagement\CompressionManagement.csproj", "{70B7ED4D-ECBE-4B8A-B860-42F4E4923F2A}"
EndProject
Project("{2150E333-8FDC-42A3-9474-1A3956D46DE8}") = "BackendCarcass", "BackendCarcass", "{25DD5D13-797F-4DB9-A15C-17E6C3F198FB}"
EndProject
Project("{9A19103F-16F7-4668-BE54-9A1E7A4F7556}") = "CarcassContracts", "..\BackendCarcass\CarcassContracts\CarcassContracts.csproj", "{FBD48B68-FF2A-4440-9781-48E310C0DA04}"
EndProject
Project("{9A19103F-16F7-4668-BE54-9A1E7A4F7556}") = "LibCrud", "..\BackendCarcass\LibCrud\LibCrud.csproj", "{994218D0-1E66-46D8-8FFB-6789E39EB568}"
EndProject
Project("{9A19103F-16F7-4668-BE54-9A1E7A4F7556}") = "CarcassMasterDataDom", "..\BackendCarcass\CarcassMasterDataDom\CarcassMasterDataDom.csproj", "{33AE5BE4-03F0-4C96-A7BC-BEC2EB93BC13}"
EndProject
Project("{9A19103F-16F7-4668-BE54-9A1E7A4F7556}") = "CarcassDb", "..\BackendCarcass\CarcassDb\CarcassDb.csproj", "{D38F603B-44E4-4E70-8E5C-A47745FA9A8D}"
EndProject
Project("{9A19103F-16F7-4668-BE54-9A1E7A4F7556}") = "WebAgentProjectsApiContracts", "..\WebAgentContracts\WebAgentProjectsApiContracts\WebAgentProjectsApiContracts.csproj", "{25A443B2-111F-4BBF-B250-1437F744E32C}"
EndProject
Project("{9A19103F-16F7-4668-BE54-9A1E7A4F7556}") = "SignalRClient", "..\SystemTools\SignalRClient\SignalRClient.csproj", "{6B2ED882-66B1-434A-BFCF-51D0F435AB77}"
EndProject
Project("{9A19103F-16F7-4668-BE54-9A1E7A4F7556}") = "DatabasesManagement", "..\ToolsManagement\DatabasesManagement\DatabasesManagement.csproj", "{ED4E25BF-82F3-489D-89E1-7CC5898B2E1C}"
EndProject
Project("{2150E333-8FDC-42A3-9474-1A3956D46DE8}") = "Solution Items", "Solution Items", "{0E49B0BB-BF32-4080-82BD-9240E0F9F659}"
	ProjectSection(SolutionItems) = preProject
		.editorconfig = .editorconfig
	EndProjectSection
EndProject
Project("{9A19103F-16F7-4668-BE54-9A1E7A4F7556}") = "ApiClientsManagement", "..\ToolsManagement\ApiClientsManagement\ApiClientsManagement.csproj", "{51050F71-EF37-4204-A274-9AD46C22B4C1}"
EndProject
Project("{9A19103F-16F7-4668-BE54-9A1E7A4F7556}") = "LibGitWork", "LibGitWork\LibGitWork.csproj", "{4C6DA752-00CB-47E3-826C-B3C8CBD4CF97}"
EndProject
Project("{9A19103F-16F7-4668-BE54-9A1E7A4F7556}") = "SignalRContracts", "..\SystemTools\SignalRContracts\SignalRContracts.csproj", "{2C280EEF-D2FF-4097-84F2-FCCEACC765B6}"
EndProject
Project("{9A19103F-16F7-4668-BE54-9A1E7A4F7556}") = "LibGitData", "LibGitData\LibGitData.csproj", "{DEF2E730-7982-4A86-A0EF-0011228C4423}"
EndProject
Project("{9A19103F-16F7-4668-BE54-9A1E7A4F7556}") = "ApiToolsShared", "..\SystemTools\ApiToolsShared\ApiToolsShared.csproj", "{16272E2F-E9A5-4D03-948F-C83540C05AE6}"
EndProject
Project("{9A19103F-16F7-4668-BE54-9A1E7A4F7556}") = "TestApiContracts", "..\SystemTools\TestApiContracts\TestApiContracts.csproj", "{7516EBCB-BE89-42B5-BB8E-9BD1E8E13F8F}"
EndProject
Global
	GlobalSection(SolutionConfigurationPlatforms) = preSolution
		Debug|Any CPU = Debug|Any CPU
		Release|Any CPU = Release|Any CPU
	EndGlobalSection
	GlobalSection(ProjectConfigurationPlatforms) = postSolution
		{41EDE4F9-1FD5-4F7D-A2E4-EFA4DFCE3255}.Debug|Any CPU.ActiveCfg = Debug|Any CPU
		{41EDE4F9-1FD5-4F7D-A2E4-EFA4DFCE3255}.Debug|Any CPU.Build.0 = Debug|Any CPU
		{41EDE4F9-1FD5-4F7D-A2E4-EFA4DFCE3255}.Release|Any CPU.ActiveCfg = Release|Any CPU
		{41EDE4F9-1FD5-4F7D-A2E4-EFA4DFCE3255}.Release|Any CPU.Build.0 = Release|Any CPU
		{B722E919-819C-4D38-86D5-579942AC9222}.Debug|Any CPU.ActiveCfg = Debug|Any CPU
		{B722E919-819C-4D38-86D5-579942AC9222}.Debug|Any CPU.Build.0 = Debug|Any CPU
		{B722E919-819C-4D38-86D5-579942AC9222}.Release|Any CPU.ActiveCfg = Release|Any CPU
		{B722E919-819C-4D38-86D5-579942AC9222}.Release|Any CPU.Build.0 = Release|Any CPU
		{6AA76850-2FA8-45B8-8E2F-D372613ABAAC}.Debug|Any CPU.ActiveCfg = Debug|Any CPU
		{6AA76850-2FA8-45B8-8E2F-D372613ABAAC}.Debug|Any CPU.Build.0 = Debug|Any CPU
		{6AA76850-2FA8-45B8-8E2F-D372613ABAAC}.Release|Any CPU.ActiveCfg = Release|Any CPU
		{6AA76850-2FA8-45B8-8E2F-D372613ABAAC}.Release|Any CPU.Build.0 = Release|Any CPU
		{28C4E0CB-7B7D-457C-8970-501CF54F57D5}.Debug|Any CPU.ActiveCfg = Debug|Any CPU
		{28C4E0CB-7B7D-457C-8970-501CF54F57D5}.Debug|Any CPU.Build.0 = Debug|Any CPU
		{28C4E0CB-7B7D-457C-8970-501CF54F57D5}.Release|Any CPU.ActiveCfg = Release|Any CPU
		{28C4E0CB-7B7D-457C-8970-501CF54F57D5}.Release|Any CPU.Build.0 = Release|Any CPU
		{15D5A3F9-BD90-48D1-BA0D-2132D8A269AD}.Debug|Any CPU.ActiveCfg = Debug|Any CPU
		{15D5A3F9-BD90-48D1-BA0D-2132D8A269AD}.Debug|Any CPU.Build.0 = Debug|Any CPU
		{15D5A3F9-BD90-48D1-BA0D-2132D8A269AD}.Release|Any CPU.ActiveCfg = Release|Any CPU
		{15D5A3F9-BD90-48D1-BA0D-2132D8A269AD}.Release|Any CPU.Build.0 = Release|Any CPU
		{97CEE994-3E48-4FD4-AC86-BCB5B8C39680}.Debug|Any CPU.ActiveCfg = Debug|Any CPU
		{97CEE994-3E48-4FD4-AC86-BCB5B8C39680}.Debug|Any CPU.Build.0 = Debug|Any CPU
		{97CEE994-3E48-4FD4-AC86-BCB5B8C39680}.Release|Any CPU.ActiveCfg = Release|Any CPU
		{97CEE994-3E48-4FD4-AC86-BCB5B8C39680}.Release|Any CPU.Build.0 = Release|Any CPU
		{D3170EA7-BA76-46B9-BB28-20A539E320E8}.Debug|Any CPU.ActiveCfg = Debug|Any CPU
		{D3170EA7-BA76-46B9-BB28-20A539E320E8}.Debug|Any CPU.Build.0 = Debug|Any CPU
		{D3170EA7-BA76-46B9-BB28-20A539E320E8}.Release|Any CPU.ActiveCfg = Release|Any CPU
		{D3170EA7-BA76-46B9-BB28-20A539E320E8}.Release|Any CPU.Build.0 = Release|Any CPU
		{AAC4C1E4-D516-41FA-B06C-622EA49F7270}.Debug|Any CPU.ActiveCfg = Debug|Any CPU
		{AAC4C1E4-D516-41FA-B06C-622EA49F7270}.Debug|Any CPU.Build.0 = Debug|Any CPU
		{AAC4C1E4-D516-41FA-B06C-622EA49F7270}.Release|Any CPU.ActiveCfg = Release|Any CPU
		{AAC4C1E4-D516-41FA-B06C-622EA49F7270}.Release|Any CPU.Build.0 = Release|Any CPU
		{EAA7D4B0-5845-4828-A15F-DA478820AA1A}.Debug|Any CPU.ActiveCfg = Debug|Any CPU
		{EAA7D4B0-5845-4828-A15F-DA478820AA1A}.Debug|Any CPU.Build.0 = Debug|Any CPU
		{EAA7D4B0-5845-4828-A15F-DA478820AA1A}.Release|Any CPU.ActiveCfg = Release|Any CPU
		{EAA7D4B0-5845-4828-A15F-DA478820AA1A}.Release|Any CPU.Build.0 = Release|Any CPU
		{744ABCBD-C8F4-404A-A8BF-93C2A2FE4E86}.Debug|Any CPU.ActiveCfg = Debug|Any CPU
		{744ABCBD-C8F4-404A-A8BF-93C2A2FE4E86}.Debug|Any CPU.Build.0 = Debug|Any CPU
		{744ABCBD-C8F4-404A-A8BF-93C2A2FE4E86}.Release|Any CPU.ActiveCfg = Release|Any CPU
		{744ABCBD-C8F4-404A-A8BF-93C2A2FE4E86}.Release|Any CPU.Build.0 = Release|Any CPU
		{A4A4AF02-3DBC-4634-9889-1590EC8E297C}.Debug|Any CPU.ActiveCfg = Debug|Any CPU
		{A4A4AF02-3DBC-4634-9889-1590EC8E297C}.Debug|Any CPU.Build.0 = Debug|Any CPU
		{A4A4AF02-3DBC-4634-9889-1590EC8E297C}.Release|Any CPU.ActiveCfg = Release|Any CPU
		{A4A4AF02-3DBC-4634-9889-1590EC8E297C}.Release|Any CPU.Build.0 = Release|Any CPU
		{DC6033DE-C1D1-4CD7-A0FD-4DAC8E2FD44F}.Debug|Any CPU.ActiveCfg = Debug|Any CPU
		{DC6033DE-C1D1-4CD7-A0FD-4DAC8E2FD44F}.Debug|Any CPU.Build.0 = Debug|Any CPU
		{DC6033DE-C1D1-4CD7-A0FD-4DAC8E2FD44F}.Release|Any CPU.ActiveCfg = Release|Any CPU
		{DC6033DE-C1D1-4CD7-A0FD-4DAC8E2FD44F}.Release|Any CPU.Build.0 = Release|Any CPU
		{C93B1907-682C-4D82-88EF-B8B441476216}.Debug|Any CPU.ActiveCfg = Debug|Any CPU
		{C93B1907-682C-4D82-88EF-B8B441476216}.Debug|Any CPU.Build.0 = Debug|Any CPU
		{C93B1907-682C-4D82-88EF-B8B441476216}.Release|Any CPU.ActiveCfg = Release|Any CPU
		{C93B1907-682C-4D82-88EF-B8B441476216}.Release|Any CPU.Build.0 = Release|Any CPU
		{BB73BDAF-A331-496E-A7D3-51BDCEBAD592}.Debug|Any CPU.ActiveCfg = Debug|Any CPU
		{BB73BDAF-A331-496E-A7D3-51BDCEBAD592}.Debug|Any CPU.Build.0 = Debug|Any CPU
		{BB73BDAF-A331-496E-A7D3-51BDCEBAD592}.Release|Any CPU.ActiveCfg = Release|Any CPU
		{BB73BDAF-A331-496E-A7D3-51BDCEBAD592}.Release|Any CPU.Build.0 = Release|Any CPU
		{2D25610A-0391-4A5B-A9B3-E3A3F4467203}.Debug|Any CPU.ActiveCfg = Debug|Any CPU
		{2D25610A-0391-4A5B-A9B3-E3A3F4467203}.Debug|Any CPU.Build.0 = Debug|Any CPU
		{2D25610A-0391-4A5B-A9B3-E3A3F4467203}.Release|Any CPU.ActiveCfg = Release|Any CPU
		{2D25610A-0391-4A5B-A9B3-E3A3F4467203}.Release|Any CPU.Build.0 = Release|Any CPU
		{CD3FE6E2-B7C6-415B-8710-0C2F12096091}.Debug|Any CPU.ActiveCfg = Debug|Any CPU
		{CD3FE6E2-B7C6-415B-8710-0C2F12096091}.Debug|Any CPU.Build.0 = Debug|Any CPU
		{CD3FE6E2-B7C6-415B-8710-0C2F12096091}.Release|Any CPU.ActiveCfg = Release|Any CPU
		{CD3FE6E2-B7C6-415B-8710-0C2F12096091}.Release|Any CPU.Build.0 = Release|Any CPU
		{55478BF4-BFCE-48E6-9C06-5FC5F77DA116}.Debug|Any CPU.ActiveCfg = Debug|Any CPU
		{55478BF4-BFCE-48E6-9C06-5FC5F77DA116}.Debug|Any CPU.Build.0 = Debug|Any CPU
		{55478BF4-BFCE-48E6-9C06-5FC5F77DA116}.Release|Any CPU.ActiveCfg = Release|Any CPU
		{55478BF4-BFCE-48E6-9C06-5FC5F77DA116}.Release|Any CPU.Build.0 = Release|Any CPU
		{76AD3169-81DD-4693-9B0F-C882BCA7CDC6}.Debug|Any CPU.ActiveCfg = Debug|Any CPU
		{76AD3169-81DD-4693-9B0F-C882BCA7CDC6}.Debug|Any CPU.Build.0 = Debug|Any CPU
		{76AD3169-81DD-4693-9B0F-C882BCA7CDC6}.Release|Any CPU.ActiveCfg = Release|Any CPU
		{76AD3169-81DD-4693-9B0F-C882BCA7CDC6}.Release|Any CPU.Build.0 = Release|Any CPU
		{1D14A9FC-90D4-4ED8-845B-7B7FBC072FB9}.Debug|Any CPU.ActiveCfg = Debug|Any CPU
		{1D14A9FC-90D4-4ED8-845B-7B7FBC072FB9}.Debug|Any CPU.Build.0 = Debug|Any CPU
		{1D14A9FC-90D4-4ED8-845B-7B7FBC072FB9}.Release|Any CPU.ActiveCfg = Release|Any CPU
		{1D14A9FC-90D4-4ED8-845B-7B7FBC072FB9}.Release|Any CPU.Build.0 = Release|Any CPU
		{331E575F-7B02-4A90-87CA-2F7FFF67F194}.Debug|Any CPU.ActiveCfg = Debug|Any CPU
		{331E575F-7B02-4A90-87CA-2F7FFF67F194}.Debug|Any CPU.Build.0 = Debug|Any CPU
		{331E575F-7B02-4A90-87CA-2F7FFF67F194}.Release|Any CPU.ActiveCfg = Release|Any CPU
		{331E575F-7B02-4A90-87CA-2F7FFF67F194}.Release|Any CPU.Build.0 = Release|Any CPU
		{033BBBAF-2B34-4C51-AFEC-8B52253F705E}.Debug|Any CPU.ActiveCfg = Debug|Any CPU
		{033BBBAF-2B34-4C51-AFEC-8B52253F705E}.Debug|Any CPU.Build.0 = Debug|Any CPU
		{033BBBAF-2B34-4C51-AFEC-8B52253F705E}.Release|Any CPU.ActiveCfg = Release|Any CPU
		{033BBBAF-2B34-4C51-AFEC-8B52253F705E}.Release|Any CPU.Build.0 = Release|Any CPU
		{5B730C1C-51BF-4737-8568-053833345A1B}.Debug|Any CPU.ActiveCfg = Debug|Any CPU
		{5B730C1C-51BF-4737-8568-053833345A1B}.Debug|Any CPU.Build.0 = Debug|Any CPU
		{5B730C1C-51BF-4737-8568-053833345A1B}.Release|Any CPU.ActiveCfg = Release|Any CPU
		{5B730C1C-51BF-4737-8568-053833345A1B}.Release|Any CPU.Build.0 = Release|Any CPU
		{E4712E74-8E96-4D35-87E7-74A96FFE9243}.Debug|Any CPU.ActiveCfg = Debug|Any CPU
		{E4712E74-8E96-4D35-87E7-74A96FFE9243}.Debug|Any CPU.Build.0 = Debug|Any CPU
		{E4712E74-8E96-4D35-87E7-74A96FFE9243}.Release|Any CPU.ActiveCfg = Release|Any CPU
		{E4712E74-8E96-4D35-87E7-74A96FFE9243}.Release|Any CPU.Build.0 = Release|Any CPU
		{BF69B750-7577-43AD-AA70-6C7DA4BEF4F1}.Debug|Any CPU.ActiveCfg = Debug|Any CPU
		{BF69B750-7577-43AD-AA70-6C7DA4BEF4F1}.Debug|Any CPU.Build.0 = Debug|Any CPU
		{BF69B750-7577-43AD-AA70-6C7DA4BEF4F1}.Release|Any CPU.ActiveCfg = Release|Any CPU
		{BF69B750-7577-43AD-AA70-6C7DA4BEF4F1}.Release|Any CPU.Build.0 = Release|Any CPU
		{04200384-1287-413E-846A-012B348489DD}.Debug|Any CPU.ActiveCfg = Debug|Any CPU
		{04200384-1287-413E-846A-012B348489DD}.Debug|Any CPU.Build.0 = Debug|Any CPU
		{04200384-1287-413E-846A-012B348489DD}.Release|Any CPU.ActiveCfg = Release|Any CPU
		{04200384-1287-413E-846A-012B348489DD}.Release|Any CPU.Build.0 = Release|Any CPU
		{09572553-3E7D-47CD-8B17-D34CCF6A662F}.Debug|Any CPU.ActiveCfg = Debug|Any CPU
		{09572553-3E7D-47CD-8B17-D34CCF6A662F}.Debug|Any CPU.Build.0 = Debug|Any CPU
		{09572553-3E7D-47CD-8B17-D34CCF6A662F}.Release|Any CPU.ActiveCfg = Release|Any CPU
		{09572553-3E7D-47CD-8B17-D34CCF6A662F}.Release|Any CPU.Build.0 = Release|Any CPU
		{464BBCF9-DC4F-4886-8D9E-43A18B039E9C}.Debug|Any CPU.ActiveCfg = Debug|Any CPU
		{464BBCF9-DC4F-4886-8D9E-43A18B039E9C}.Debug|Any CPU.Build.0 = Debug|Any CPU
		{464BBCF9-DC4F-4886-8D9E-43A18B039E9C}.Release|Any CPU.ActiveCfg = Release|Any CPU
		{464BBCF9-DC4F-4886-8D9E-43A18B039E9C}.Release|Any CPU.Build.0 = Release|Any CPU
		{F5E3A487-3A49-45B4-90AC-8E1D1DCD70A8}.Debug|Any CPU.ActiveCfg = Debug|Any CPU
		{F5E3A487-3A49-45B4-90AC-8E1D1DCD70A8}.Debug|Any CPU.Build.0 = Debug|Any CPU
		{F5E3A487-3A49-45B4-90AC-8E1D1DCD70A8}.Release|Any CPU.ActiveCfg = Release|Any CPU
		{F5E3A487-3A49-45B4-90AC-8E1D1DCD70A8}.Release|Any CPU.Build.0 = Release|Any CPU
		{1D35357A-0C4A-4A2A-BAF0-35EBB78EEC97}.Debug|Any CPU.ActiveCfg = Debug|Any CPU
		{1D35357A-0C4A-4A2A-BAF0-35EBB78EEC97}.Debug|Any CPU.Build.0 = Debug|Any CPU
		{1D35357A-0C4A-4A2A-BAF0-35EBB78EEC97}.Release|Any CPU.ActiveCfg = Release|Any CPU
		{1D35357A-0C4A-4A2A-BAF0-35EBB78EEC97}.Release|Any CPU.Build.0 = Release|Any CPU
		{321CD750-1415-495E-8858-786A2606001C}.Debug|Any CPU.ActiveCfg = Debug|Any CPU
		{321CD750-1415-495E-8858-786A2606001C}.Debug|Any CPU.Build.0 = Debug|Any CPU
		{321CD750-1415-495E-8858-786A2606001C}.Release|Any CPU.ActiveCfg = Release|Any CPU
		{321CD750-1415-495E-8858-786A2606001C}.Release|Any CPU.Build.0 = Release|Any CPU
		{CCB7CB6E-56B6-4A47-9E28-009304B19862}.Debug|Any CPU.ActiveCfg = Debug|Any CPU
		{CCB7CB6E-56B6-4A47-9E28-009304B19862}.Debug|Any CPU.Build.0 = Debug|Any CPU
		{CCB7CB6E-56B6-4A47-9E28-009304B19862}.Release|Any CPU.ActiveCfg = Release|Any CPU
		{CCB7CB6E-56B6-4A47-9E28-009304B19862}.Release|Any CPU.Build.0 = Release|Any CPU
		{0EB323AC-42FC-48CE-88A8-B403C70F32EE}.Debug|Any CPU.ActiveCfg = Debug|Any CPU
		{0EB323AC-42FC-48CE-88A8-B403C70F32EE}.Debug|Any CPU.Build.0 = Debug|Any CPU
		{0EB323AC-42FC-48CE-88A8-B403C70F32EE}.Release|Any CPU.ActiveCfg = Release|Any CPU
		{0EB323AC-42FC-48CE-88A8-B403C70F32EE}.Release|Any CPU.Build.0 = Release|Any CPU
		{701BEF66-2703-47EE-8A05-4E2BAF3101C0}.Debug|Any CPU.ActiveCfg = Debug|Any CPU
		{701BEF66-2703-47EE-8A05-4E2BAF3101C0}.Debug|Any CPU.Build.0 = Debug|Any CPU
		{701BEF66-2703-47EE-8A05-4E2BAF3101C0}.Release|Any CPU.ActiveCfg = Release|Any CPU
		{701BEF66-2703-47EE-8A05-4E2BAF3101C0}.Release|Any CPU.Build.0 = Release|Any CPU
		{D6FC8507-4A36-4D66-8502-65A81D93DF6E}.Debug|Any CPU.ActiveCfg = Debug|Any CPU
		{D6FC8507-4A36-4D66-8502-65A81D93DF6E}.Debug|Any CPU.Build.0 = Debug|Any CPU
		{D6FC8507-4A36-4D66-8502-65A81D93DF6E}.Release|Any CPU.ActiveCfg = Release|Any CPU
		{D6FC8507-4A36-4D66-8502-65A81D93DF6E}.Release|Any CPU.Build.0 = Release|Any CPU
		{70B7ED4D-ECBE-4B8A-B860-42F4E4923F2A}.Debug|Any CPU.ActiveCfg = Debug|Any CPU
		{70B7ED4D-ECBE-4B8A-B860-42F4E4923F2A}.Debug|Any CPU.Build.0 = Debug|Any CPU
		{70B7ED4D-ECBE-4B8A-B860-42F4E4923F2A}.Release|Any CPU.ActiveCfg = Release|Any CPU
		{70B7ED4D-ECBE-4B8A-B860-42F4E4923F2A}.Release|Any CPU.Build.0 = Release|Any CPU
		{FBD48B68-FF2A-4440-9781-48E310C0DA04}.Debug|Any CPU.ActiveCfg = Debug|Any CPU
		{FBD48B68-FF2A-4440-9781-48E310C0DA04}.Debug|Any CPU.Build.0 = Debug|Any CPU
		{FBD48B68-FF2A-4440-9781-48E310C0DA04}.Release|Any CPU.ActiveCfg = Release|Any CPU
		{FBD48B68-FF2A-4440-9781-48E310C0DA04}.Release|Any CPU.Build.0 = Release|Any CPU
		{994218D0-1E66-46D8-8FFB-6789E39EB568}.Debug|Any CPU.ActiveCfg = Debug|Any CPU
		{994218D0-1E66-46D8-8FFB-6789E39EB568}.Debug|Any CPU.Build.0 = Debug|Any CPU
		{994218D0-1E66-46D8-8FFB-6789E39EB568}.Release|Any CPU.ActiveCfg = Release|Any CPU
		{994218D0-1E66-46D8-8FFB-6789E39EB568}.Release|Any CPU.Build.0 = Release|Any CPU
		{33AE5BE4-03F0-4C96-A7BC-BEC2EB93BC13}.Debug|Any CPU.ActiveCfg = Debug|Any CPU
		{33AE5BE4-03F0-4C96-A7BC-BEC2EB93BC13}.Debug|Any CPU.Build.0 = Debug|Any CPU
		{33AE5BE4-03F0-4C96-A7BC-BEC2EB93BC13}.Release|Any CPU.ActiveCfg = Release|Any CPU
		{33AE5BE4-03F0-4C96-A7BC-BEC2EB93BC13}.Release|Any CPU.Build.0 = Release|Any CPU
		{D38F603B-44E4-4E70-8E5C-A47745FA9A8D}.Debug|Any CPU.ActiveCfg = Debug|Any CPU
		{D38F603B-44E4-4E70-8E5C-A47745FA9A8D}.Debug|Any CPU.Build.0 = Debug|Any CPU
		{D38F603B-44E4-4E70-8E5C-A47745FA9A8D}.Release|Any CPU.ActiveCfg = Release|Any CPU
		{D38F603B-44E4-4E70-8E5C-A47745FA9A8D}.Release|Any CPU.Build.0 = Release|Any CPU
		{25A443B2-111F-4BBF-B250-1437F744E32C}.Debug|Any CPU.ActiveCfg = Debug|Any CPU
		{25A443B2-111F-4BBF-B250-1437F744E32C}.Debug|Any CPU.Build.0 = Debug|Any CPU
		{25A443B2-111F-4BBF-B250-1437F744E32C}.Release|Any CPU.ActiveCfg = Release|Any CPU
		{25A443B2-111F-4BBF-B250-1437F744E32C}.Release|Any CPU.Build.0 = Release|Any CPU
		{6B2ED882-66B1-434A-BFCF-51D0F435AB77}.Debug|Any CPU.ActiveCfg = Debug|Any CPU
		{6B2ED882-66B1-434A-BFCF-51D0F435AB77}.Debug|Any CPU.Build.0 = Debug|Any CPU
		{6B2ED882-66B1-434A-BFCF-51D0F435AB77}.Release|Any CPU.ActiveCfg = Release|Any CPU
		{6B2ED882-66B1-434A-BFCF-51D0F435AB77}.Release|Any CPU.Build.0 = Release|Any CPU
		{ED4E25BF-82F3-489D-89E1-7CC5898B2E1C}.Debug|Any CPU.ActiveCfg = Debug|Any CPU
		{ED4E25BF-82F3-489D-89E1-7CC5898B2E1C}.Debug|Any CPU.Build.0 = Debug|Any CPU
		{ED4E25BF-82F3-489D-89E1-7CC5898B2E1C}.Release|Any CPU.ActiveCfg = Release|Any CPU
		{ED4E25BF-82F3-489D-89E1-7CC5898B2E1C}.Release|Any CPU.Build.0 = Release|Any CPU
		{51050F71-EF37-4204-A274-9AD46C22B4C1}.Debug|Any CPU.ActiveCfg = Debug|Any CPU
		{51050F71-EF37-4204-A274-9AD46C22B4C1}.Debug|Any CPU.Build.0 = Debug|Any CPU
		{51050F71-EF37-4204-A274-9AD46C22B4C1}.Release|Any CPU.ActiveCfg = Release|Any CPU
		{51050F71-EF37-4204-A274-9AD46C22B4C1}.Release|Any CPU.Build.0 = Release|Any CPU
		{4C6DA752-00CB-47E3-826C-B3C8CBD4CF97}.Debug|Any CPU.ActiveCfg = Debug|Any CPU
		{4C6DA752-00CB-47E3-826C-B3C8CBD4CF97}.Debug|Any CPU.Build.0 = Debug|Any CPU
		{4C6DA752-00CB-47E3-826C-B3C8CBD4CF97}.Release|Any CPU.ActiveCfg = Release|Any CPU
		{4C6DA752-00CB-47E3-826C-B3C8CBD4CF97}.Release|Any CPU.Build.0 = Release|Any CPU
		{2C280EEF-D2FF-4097-84F2-FCCEACC765B6}.Debug|Any CPU.ActiveCfg = Debug|Any CPU
		{2C280EEF-D2FF-4097-84F2-FCCEACC765B6}.Debug|Any CPU.Build.0 = Debug|Any CPU
		{2C280EEF-D2FF-4097-84F2-FCCEACC765B6}.Release|Any CPU.ActiveCfg = Release|Any CPU
		{2C280EEF-D2FF-4097-84F2-FCCEACC765B6}.Release|Any CPU.Build.0 = Release|Any CPU
		{DEF2E730-7982-4A86-A0EF-0011228C4423}.Debug|Any CPU.ActiveCfg = Debug|Any CPU
		{DEF2E730-7982-4A86-A0EF-0011228C4423}.Debug|Any CPU.Build.0 = Debug|Any CPU
		{DEF2E730-7982-4A86-A0EF-0011228C4423}.Release|Any CPU.ActiveCfg = Release|Any CPU
		{DEF2E730-7982-4A86-A0EF-0011228C4423}.Release|Any CPU.Build.0 = Release|Any CPU
		{16272E2F-E9A5-4D03-948F-C83540C05AE6}.Debug|Any CPU.ActiveCfg = Debug|Any CPU
		{16272E2F-E9A5-4D03-948F-C83540C05AE6}.Debug|Any CPU.Build.0 = Debug|Any CPU
		{16272E2F-E9A5-4D03-948F-C83540C05AE6}.Release|Any CPU.ActiveCfg = Release|Any CPU
		{16272E2F-E9A5-4D03-948F-C83540C05AE6}.Release|Any CPU.Build.0 = Release|Any CPU
		{7516EBCB-BE89-42B5-BB8E-9BD1E8E13F8F}.Debug|Any CPU.ActiveCfg = Debug|Any CPU
		{7516EBCB-BE89-42B5-BB8E-9BD1E8E13F8F}.Debug|Any CPU.Build.0 = Debug|Any CPU
		{7516EBCB-BE89-42B5-BB8E-9BD1E8E13F8F}.Release|Any CPU.ActiveCfg = Release|Any CPU
		{7516EBCB-BE89-42B5-BB8E-9BD1E8E13F8F}.Release|Any CPU.Build.0 = Release|Any CPU
	EndGlobalSection
	GlobalSection(SolutionProperties) = preSolution
		HideSolutionNode = FALSE
	EndGlobalSection
	GlobalSection(NestedProjects) = preSolution
		{41EDE4F9-1FD5-4F7D-A2E4-EFA4DFCE3255} = {0A12B1B2-6614-4BD3-A5A3-419895E665A9}
		{B722E919-819C-4D38-86D5-579942AC9222} = {0A12B1B2-6614-4BD3-A5A3-419895E665A9}
		{28C4E0CB-7B7D-457C-8970-501CF54F57D5} = {FF3F9A8A-C4E2-4D88-A35F-874A6890A87D}
		{D3170EA7-BA76-46B9-BB28-20A539E320E8} = {BB551F29-CF57-432A-9659-41D41F333ACC}
		{AAC4C1E4-D516-41FA-B06C-622EA49F7270} = {BB551F29-CF57-432A-9659-41D41F333ACC}
		{EAA7D4B0-5845-4828-A15F-DA478820AA1A} = {BB551F29-CF57-432A-9659-41D41F333ACC}
		{744ABCBD-C8F4-404A-A8BF-93C2A2FE4E86} = {BB551F29-CF57-432A-9659-41D41F333ACC}
		{C93B1907-682C-4D82-88EF-B8B441476216} = {BB551F29-CF57-432A-9659-41D41F333ACC}
		{BB73BDAF-A331-496E-A7D3-51BDCEBAD592} = {BB551F29-CF57-432A-9659-41D41F333ACC}
		{CD3FE6E2-B7C6-415B-8710-0C2F12096091} = {BB551F29-CF57-432A-9659-41D41F333ACC}
		{55478BF4-BFCE-48E6-9C06-5FC5F77DA116} = {BB551F29-CF57-432A-9659-41D41F333ACC}
		{76AD3169-81DD-4693-9B0F-C882BCA7CDC6} = {BB551F29-CF57-432A-9659-41D41F333ACC}
		{1D14A9FC-90D4-4ED8-845B-7B7FBC072FB9} = {BB551F29-CF57-432A-9659-41D41F333ACC}
		{331E575F-7B02-4A90-87CA-2F7FFF67F194} = {0A12B1B2-6614-4BD3-A5A3-419895E665A9}
		{033BBBAF-2B34-4C51-AFEC-8B52253F705E} = {FF3F9A8A-C4E2-4D88-A35F-874A6890A87D}
		{5B730C1C-51BF-4737-8568-053833345A1B} = {BB551F29-CF57-432A-9659-41D41F333ACC}
		{E4712E74-8E96-4D35-87E7-74A96FFE9243} = {BB551F29-CF57-432A-9659-41D41F333ACC}
		{BF69B750-7577-43AD-AA70-6C7DA4BEF4F1} = {1C3F06BB-4AAB-48FF-B758-3CF086E7A085}
		{04200384-1287-413E-846A-012B348489DD} = {1C3F06BB-4AAB-48FF-B758-3CF086E7A085}
		{09572553-3E7D-47CD-8B17-D34CCF6A662F} = {1C3F06BB-4AAB-48FF-B758-3CF086E7A085}
		{464BBCF9-DC4F-4886-8D9E-43A18B039E9C} = {1C3F06BB-4AAB-48FF-B758-3CF086E7A085}
		{F5E3A487-3A49-45B4-90AC-8E1D1DCD70A8} = {DC5F7FE1-A782-4C18-BA7C-0A208E964240}
		{1D35357A-0C4A-4A2A-BAF0-35EBB78EEC97} = {24D90B30-3266-4EC6-B324-1B7EA7B5CB0E}
		{321CD750-1415-495E-8858-786A2606001C} = {DC5F7FE1-A782-4C18-BA7C-0A208E964240}
		{CCB7CB6E-56B6-4A47-9E28-009304B19862} = {DC5F7FE1-A782-4C18-BA7C-0A208E964240}
		{0EB323AC-42FC-48CE-88A8-B403C70F32EE} = {24D90B30-3266-4EC6-B324-1B7EA7B5CB0E}
		{701BEF66-2703-47EE-8A05-4E2BAF3101C0} = {24D90B30-3266-4EC6-B324-1B7EA7B5CB0E}
		{D6FC8507-4A36-4D66-8502-65A81D93DF6E} = {24D90B30-3266-4EC6-B324-1B7EA7B5CB0E}
		{70B7ED4D-ECBE-4B8A-B860-42F4E4923F2A} = {DC5F7FE1-A782-4C18-BA7C-0A208E964240}
		{FBD48B68-FF2A-4440-9781-48E310C0DA04} = {25DD5D13-797F-4DB9-A15C-17E6C3F198FB}
		{994218D0-1E66-46D8-8FFB-6789E39EB568} = {25DD5D13-797F-4DB9-A15C-17E6C3F198FB}
		{33AE5BE4-03F0-4C96-A7BC-BEC2EB93BC13} = {25DD5D13-797F-4DB9-A15C-17E6C3F198FB}
		{D38F603B-44E4-4E70-8E5C-A47745FA9A8D} = {25DD5D13-797F-4DB9-A15C-17E6C3F198FB}
		{25A443B2-111F-4BBF-B250-1437F744E32C} = {DAF78034-D0C2-4E88-8EE3-F219EC254BEC}
		{6B2ED882-66B1-434A-BFCF-51D0F435AB77} = {FF3F9A8A-C4E2-4D88-A35F-874A6890A87D}
		{ED4E25BF-82F3-489D-89E1-7CC5898B2E1C} = {DC5F7FE1-A782-4C18-BA7C-0A208E964240}
		{51050F71-EF37-4204-A274-9AD46C22B4C1} = {DC5F7FE1-A782-4C18-BA7C-0A208E964240}
		{2C280EEF-D2FF-4097-84F2-FCCEACC765B6} = {FF3F9A8A-C4E2-4D88-A35F-874A6890A87D}
		{16272E2F-E9A5-4D03-948F-C83540C05AE6} = {FF3F9A8A-C4E2-4D88-A35F-874A6890A87D}
		{7516EBCB-BE89-42B5-BB8E-9BD1E8E13F8F} = {FF3F9A8A-C4E2-4D88-A35F-874A6890A87D}
	EndGlobalSection
	GlobalSection(ExtensibilityGlobals) = postSolution
		SolutionGuid = {6088D4D5-9C94-40A5-A44F-E146E1810790}
	EndGlobalSection
EndGlobal
