<Solution>
  <Folder Name="/AppCliTools/">
    <Project Path="../AppCliTools/CliMenu/CliMenu.csproj" />
    <Project Path="../AppCliTools/CliParameters/CliParameters.csproj" />
    <Project Path="../AppCliTools/CliParametersApiClientsEdit/CliParametersApiClientsEdit.csproj" />
    <Project Path="../AppCliTools/CliParametersDataEdit/CliParametersDataEdit.csproj" />
    <Project Path="../AppCliTools/CliParametersEdit/CliParametersEdit.csproj" />
    <Project Path="../AppCliTools/CliTools/CliTools.csproj" />
    <Project Path="../AppCliTools/CodeTools/CodeTools.csproj" />
    <Project Path="../AppCliTools/DbContextAnalyzer/DbContextAnalyzer.csproj" />
    <Project Path="../AppCliTools/LibDataInput/LibDataInput.csproj" />
    <Project Path="../AppCliTools/LibMenuInput/LibMenuInput.csproj" />
    <Project Path="../AppCliTools/LibSeedCodeCreator/LibSeedCodeCreator.csproj" />
  </Folder>
  <Folder Name="/BackendCarcass/">
    <Project Path="../BackendCarcass/Carcass.Database/Carcass.Database.csproj" />
    <Project Path="../BackendCarcass/CarcassDb/CarcassDb.csproj" />
    <Project Path="../BackendCarcass/CarcassMasterData/CarcassMasterData.csproj" />
    <Project Path="../BackendCarcass/LibCrud/LibCrud.csproj" />
  </Folder>
  <Folder Name="/BackendCarcassShared/">
    <Project Path="../BackendCarcassShared/BackendCarcassContracts/BackendCarcassContracts.csproj" />
  </Folder>
  <Folder Name="/ConnectionTools/">
    <Project Path="../ConnectionTools/ConnectionTools.ConnectTools/ConnectionTools.ConnectTools.csproj" />
    <Project Path="../ConnectionTools/ConnectionTools.CToolsFactory/ConnectionTools.CToolsFactory.csproj" />
    <Project Path="../ConnectionTools/ConnectionTools.FTPTools/ConnectionTools.FTPTools.csproj" />
  </Folder>
  <Folder Name="/DatabaseTools/">
    <Project Path="../DatabaseTools/DatabaseTools.DbTools/DatabaseTools.DbTools.csproj" />
    <Project Path="../DatabaseTools/DatabaseTools.DbToolsFactory/DatabaseTools.DbToolsFactory.csproj" />
    <Project Path="../DatabaseTools/DatabaseTools.OleDbTools/DatabaseTools.OleDbTools.csproj" />
    <Project Path="../DatabaseTools/DatabaseTools.SqLiteDbTools/DatabaseTools.SqLiteDbTools.csproj" />
    <Project Path="../DatabaseTools/DatabaseTools.SqlServerDbTools/DatabaseTools.SqlServerDbTools.csproj" />
  </Folder>
  <Folder Name="/ParametersManagement/">
    <Project Path="../ParametersManagement/ParametersManagement.LibApiClientParameters/ParametersManagement.LibApiClientParameters.csproj" />
    <Project Path="../ParametersManagement/ParametersManagement.LibDatabaseParameters/ParametersManagement.LibDatabaseParameters.csproj" />
    <Project Path="../ParametersManagement/ParametersManagement.LibFileParameters/ParametersManagement.LibFileParameters.csproj" />
    <Project Path="../ParametersManagement/ParametersManagement.LibParameters/ParametersManagement.LibParameters.csproj" />
  </Folder>
  <Folder Name="/SupportToolsServerShared/">
    <Project Path="../SupportToolsServerShared/SupportToolsServerApiContracts/SupportToolsServerApiContracts.csproj" />
  </Folder>
  <Folder Name="/SystemTools/">
    <Project Path="../SystemTools/SystemTools.ApiContracts/SystemTools.ApiContracts.csproj" />
    <Project Path="../SystemTools/SystemTools.DatabaseToolsShared/SystemTools.DatabaseToolsShared.csproj" />
    <Project Path="../SystemTools/SystemTools.DomainShared/SystemTools.DomainShared.csproj" />
    <Project Path="../SystemTools/SystemTools.JetBrainsResharperGlobalToolsWork/SystemTools.JetBrainsResharperGlobalToolsWork.csproj" />
    <Project Path="../SystemTools/SystemTools.ReCounterContracts/SystemTools.ReCounterContracts.csproj" />
    <Project Path="../SystemTools/SystemTools.StringMessagesApiContracts/SystemTools.StringMessagesApiContracts.csproj" />
    <Project Path="../SystemTools/SystemTools.SystemToolsShared/SystemTools.SystemToolsShared.csproj" />
    <Project Path="../SystemTools/SystemTools.TestApiContracts/SystemTools.TestApiContracts.csproj" />
  </Folder>
  <Folder Name="/ToolsManagement/">
    <Project Path="../ToolsManagement/ToolsManagement.ApiClientsManagement/ToolsManagement.ApiClientsManagement.csproj" />
    <Project Path="../ToolsManagement/ToolsManagement.CompressionManagement/ToolsManagement.CompressionManagement.csproj" />
    <Project Path="../ToolsManagement/ToolsManagement.DatabasesManagement/ToolsManagement.DatabasesManagement.csproj" />
    <Project Path="../ToolsManagement/ToolsManagement.FileManagersMain/ToolsManagement.FileManagersMain.csproj" />
    <Project Path="../ToolsManagement/ToolsManagement.Installer/ToolsManagement.Installer.csproj" />
    <Project Path="../ToolsManagement/ToolsManagement.LibToolActions/ToolsManagement.LibToolActions.csproj" />
  </Folder>
  <Folder Name="/WebAgentContracts/">
    <Project Path="../WebAgentContracts/WebAgentContracts.WebAgentDatabasesApiContracts/WebAgentContracts.WebAgentDatabasesApiContracts.csproj" />
    <Project Path="../WebAgentContracts/WebAgentContracts.WebAgentProjectsApiContracts/WebAgentContracts.WebAgentProjectsApiContracts.csproj" />
  </Folder>
  <Project Path="LibAppInstallWork/LibAppInstallWork.csproj" />
  <Project Path="LibAppProjectCreator/LibAppProjectCreator.csproj" />
  <Project Path="LibCodeGenerator/LibCodeGenerator.csproj" />
  <Project Path="LibDatabaseWork/LibDatabaseWork.csproj" />
  <Project Path="LibDotnetWork/LibDotnetWork.csproj" />
  <Project Path="LibGitData/LibGitData.csproj" />
  <Project Path="LibGitWork/LibGitWork.csproj" />
  <Project Path="LibNpmWork/LibNpmWork.csproj" />
  <Project Path="LibScaffoldSeeder/LibScaffoldSeeder.csproj" />
  <Project Path="LibSupportToolsServerWork/LibSupportToolsServerWork.csproj" />
  <Project Path="LibTools/LibTools.csproj" />
  <Project Path="SupportTools.Domain/SupportTools.Domain.csproj" />
  <Project Path="SupportTools.Repositories/SupportTools.Repositories.csproj" />
  <Project Path="SupportTools/SupportTools.csproj" />
  <Project Path="SupportToolsData/SupportToolsData.csproj" />
</Solution>
